
Microsoft Visual Studio Solution File, Format Version 12.00
# Visual Studio 14
VisualStudioVersion = 14.0.25420.1
MinimumVisualStudioVersion = 10.0.40219.1
Project("{FAE04EC0-301F-11D3-BF4B-00C04F79EFBC}") = "WinForms_MultipleForms", "WinForms_MultipleForms.csproj", "{F936AC8A-C50D-447B-91B2-AD4B2968B497}"
EndProject
Global
	GlobalSection(SolutionConfigurationPlatforms) = preSolution
		Debug|Any CPU = Debug|Any CPU
		Release|Any CPU = Release|Any CPU
	EndGlobalSection
	GlobalSection(ProjectConfigurationPlatforms) = postSolution
		{F936AC8A-C50D-447B-91B2-AD4B2968B497}.Debug|Any CPU.ActiveCfg = Debug|Any CPU
		{F936AC8A-C50D-447B-91B2-AD4B2968B497}.Debug|Any CPU.Build.0 = Debug|Any CPU
		{F936AC8A-C50D-447B-91B2-AD4B2968B497}.Release|Any CPU.ActiveCfg = Release|Any CPU
		{F936AC8A-C50D-447B-91B2-AD4B2968B497}.Release|Any CPU.Build.0 = Release|Any CPU
	EndGlobalSection
	GlobalSection(SolutionProperties) = preSolution
		HideSolutionNode = FALSE
	EndGlobalSection
EndGlobal
